// !$*UTF8*$!
{
	archiveVersion = 1;
	classes = {
	};
	objectVersion = 46;
	objects = {

/* Begin PBXBuildFile section */
		CFBB4E911C91A4BC00E1995C /* main.m in Sources */ = {isa = PBXBuildFile; fileRef = CFBB4E901C91A4BC00E1995C /* main.m */; };
		CFBB4E941C91A4BC00E1995C /* AppDelegate.m in Sources */ = {isa = PBXBuildFile; fileRef = CFBB4E931C91A4BC00E1995C /* AppDelegate.m */; };
		CFBB4E971C91A4BC00E1995C /* ViewController.m in Sources */ = {isa = PBXBuildFile; fileRef = CFBB4E961C91A4BC00E1995C /* ViewController.m */; };
		CFBB4E9A1C91A4BC00E1995C /* Main.storyboard in Resources */ = {isa = PBXBuildFile; fileRef = CFBB4E981C91A4BC00E1995C /* Main.storyboard */; };
		CFBB4E9C1C91A4BC00E1995C /* Assets.xcassets in Resources */ = {isa = PBXBuildFile; fileRef = CFBB4E9B1C91A4BC00E1995C /* Assets.xcassets */; };
		CFBB4E9F1C91A4BC00E1995C /* LaunchScreen.storyboard in Resources */ = {isa = PBXBuildFile; fileRef = CFBB4E9D1C91A4BC00E1995C /* LaunchScreen.storyboard */; };
		CFBB4EAA1C91A4BC00E1995C /* Demo4_JS_XMLTests.m in Sources */ = {isa = PBXBuildFile; fileRef = CFBB4EA91C91A4BC00E1995C /* Demo4_JS_XMLTests.m */; };
		CFBB4EB51C91A4BC00E1995C /* Demo4_JS_XMLUITests.m in Sources */ = {isa = PBXBuildFile; fileRef = CFBB4EB41C91A4BC00E1995C /* Demo4_JS_XMLUITests.m */; };
		CFBB4EC31C91A4CD00E1995C /* music.xml in Resources */ = {isa = PBXBuildFile; fileRef = CFBB4EC21C91A4CD00E1995C /* music.xml */; };
		CFBB4EC81C91A64C00E1995C /* JS_Music.m in Sources */ = {isa = PBXBuildFile; fileRef = CFBB4EC71C91A64C00E1995C /* JS_Music.m */; };
/* End PBXBuildFile section */

/* Begin PBXContainerItemProxy section */
		CFBB4EA61C91A4BC00E1995C /* PBXContainerItemProxy */ = {
			isa = PBXContainerItemProxy;
			containerPortal = CFBB4E841C91A4BC00E1995C /* Project object */;
			proxyType = 1;
			remoteGlobalIDString = CFBB4E8B1C91A4BC00E1995C;
			remoteInfo = Demo4_JS_XML;
		};
		CFBB4EB11C91A4BC00E1995C /* PBXContainerItemProxy */ = {
			isa = PBXContainerItemProxy;
			containerPortal = CFBB4E841C91A4BC00E1995C /* Project object */;
			proxyType = 1;
			remoteGlobalIDString = CFBB4E8B1C91A4BC00E1995C;
			remoteInfo = Demo4_JS_XML;
		};
/* End PBXContainerItemProxy section */

/* Begin PBXFileReference section */
		CFBB4E8C1C91A4BC00E1995C /* Demo4_JS_XML.app */ = {isa = PBXFileReference; explicitFileType = wrapper.application; includeInIndex = 0; path = Demo4_JS_XML.app; sourceTree = BUILT_PRODUCTS_DIR; };
		CFBB4E901C91A4BC00E1995C /* main.m */ = {isa = PBXFileReference; lastKnownFileType = sourcecode.c.objc; path = main.m; sourceTree = "<group>"; };
		CFBB4E921C91A4BC00E1995C /* AppDelegate.h */ = {isa = PBXFileReference; lastKnownFileType = sourcecode.c.h; path = AppDelegate.h; sourceTree = "<group>"; };
		CFBB4E931C91A4BC00E1995C /* AppDelegate.m */ = {isa = PBXFileReference; lastKnownFileType = sourcecode.c.objc; path = AppDelegate.m; sourceTree = "<group>"; };
		CFBB4E951C91A4BC00E1995C /* ViewController.h */ = {isa = PBXFileReference; lastKnownFileType = sourcecode.c.h; path = ViewController.h; sourceTree = "<group>"; };
		CFBB4E961C91A4BC00E1995C /* ViewController.m */ = {isa = PBXFileReference; lastKnownFileType = sourcecode.c.objc; path = ViewController.m; sourceTree = "<group>"; };
		CFBB4E991C91A4BC00E1995C /* Base */ = {isa = PBXFileReference; lastKnownFileType = file.storyboard; name = Base; path = Base.lproj/Main.storyboard; sourceTree = "<group>"; };
		CFBB4E9B1C91A4BC00E1995C /* Assets.xcassets */ = {isa = PBXFileReference; lastKnownFileType = folder.assetcatalog; path = Assets.xcassets; sourceTree = "<group>"; };
		CFBB4E9E1C91A4BC00E1995C /* Base */ = {isa = PBXFileReference; lastKnownFileType = file.storyboard; name = Base; path = Base.lproj/LaunchScreen.storyboard; sourceTree = "<group>"; };
		CFBB4EA01C91A4BC00E1995C /* Info.plist */ = {isa = PBXFileReference; lastKnownFileType = text.plist.xml; path = Info.plist; sourceTree = "<group>"; };
		CFBB4EA51C91A4BC00E1995C /* Demo4_JS_XMLTests.xctest */ = {isa = PBXFileReference; explicitFileType = wrapper.cfbundle; includeInIndex = 0; path = Demo4_JS_XMLTests.xctest; sourceTree = BUILT_PRODUCTS_DIR; };
		CFBB4EA91C91A4BC00E1995C /* Demo4_JS_XMLTests.m */ = {isa = PBXFileReference; lastKnownFileType = sourcecode.c.objc; path = Demo4_JS_XMLTests.m; sourceTree = "<group>"; };
		CFBB4EAB1C91A4BC00E1995C /* Info.plist */ = {isa = PBXFileReference; lastKnownFileType = text.plist.xml; path = Info.plist; sourceTree = "<group>"; };
		CFBB4EB01C91A4BC00E1995C /* Demo4_JS_XMLUITests.xctest */ = {isa = PBXFileReference; explicitFileType = wrapper.cfbundle; includeInIndex = 0; path = Demo4_JS_XMLUITests.xctest; sourceTree = BUILT_PRODUCTS_DIR; };
		CFBB4EB41C91A4BC00E1995C /* Demo4_JS_XMLUITests.m */ = {isa = PBXFileReference; lastKnownFileType = sourcecode.c.objc; path = Demo4_JS_XMLUITests.m; sourceTree = "<group>"; };
		CFBB4EB61C91A4BC00E1995C /* Info.plist */ = {isa = PBXFileReference; lastKnownFileType = text.plist.xml; path = Info.plist; sourceTree = "<group>"; };
		CFBB4EC21C91A4CD00E1995C /* music.xml */ = {isa = PBXFileReference; fileEncoding = 4; lastKnownFileType = text.xml; path = music.xml; sourceTree = "<group>"; };
		CFBB4EC61C91A64C00E1995C /* JS_Music.h */ = {isa = PBXFileReference; fileEncoding = 4; lastKnownFileType = sourcecode.c.h; path = JS_Music.h; sourceTree = "<group>"; };
		CFBB4EC71C91A64C00E1995C /* JS_Music.m */ = {isa = PBXFileReference; fileEncoding = 4; lastKnownFileType = sourcecode.c.objc; path = JS_Music.m; sourceTree = "<group>"; };
/* End PBXFileReference section */

/* Begin PBXFrameworksBuildPhase section */
		CFBB4E891C91A4BC00E1995C /* Frameworks */ = {
			isa = PBXFrameworksBuildPhase;
			buildActionMask = 2147483647;
			files = (
			);
			runOnlyForDeploymentPostprocessing = 0;
		};
		CFBB4EA21C91A4BC00E1995C /* Frameworks */ = {
			isa = PBXFrameworksBuildPhase;
			buildActionMask = 2147483647;
			files = (
			);
			runOnlyForDeploymentPostprocessing = 0;
		};
		CFBB4EAD1C91A4BC00E1995C /* Frameworks */ = {
			isa = PBXFrameworksBuildPhase;
			buildActionMask = 2147483647;
			files = (
			);
			runOnlyForDeploymentPostprocessing = 0;
		};
/* End PBXFrameworksBuildPhase section */

/* Begin PBXGroup section */
		CFBB4E831C91A4BC00E1995C = {
			isa = PBXGroup;
			children = (
				CFBB4E8E1C91A4BC00E1995C /* Demo4_JS_XML */,
				CFBB4EA81C91A4BC00E1995C /* Demo4_JS_XMLTests */,
				CFBB4EB31C91A4BC00E1995C /* Demo4_JS_XMLUITests */,
				CFBB4E8D1C91A4BC00E1995C /* Products */,
			);
			sourceTree = "<group>";
		};
		CFBB4E8D1C91A4BC00E1995C /* Products */ = {
			isa = PBXGroup;
			children = (
				CFBB4E8C1C91A4BC00E1995C /* Demo4_JS_XML.app */,
				CFBB4EA51C91A4BC00E1995C /* Demo4_JS_XMLTests.xctest */,
				CFBB4EB01C91A4BC00E1995C /* Demo4_JS_XMLUITests.xctest */,
			);
			name = Products;
			sourceTree = "<group>";
		};
		CFBB4E8E1C91A4BC00E1995C /* Demo4_JS_XML */ = {
			isa = PBXGroup;
			children = (
				CFBB4E921C91A4BC00E1995C /* AppDelegate.h */,
				CFBB4E931C91A4BC00E1995C /* AppDelegate.m */,
				CFBB4E951C91A4BC00E1995C /* ViewController.h */,
				CFBB4E961C91A4BC00E1995C /* ViewController.m */,
				CFBB4EC61C91A64C00E1995C /* JS_Music.h */,
				CFBB4EC71C91A64C00E1995C /* JS_Music.m */,
				CFBB4EC21C91A4CD00E1995C /* music.xml */,
				CFBB4E981C91A4BC00E1995C /* Main.storyboard */,
				CFBB4E9B1C91A4BC00E1995C /* Assets.xcassets */,
				CFBB4E9D1C91A4BC00E1995C /* LaunchScreen.storyboard */,
				CFBB4EA01C91A4BC00E1995C /* Info.plist */,
				CFBB4E8F1C91A4BC00E1995C /* Supporting Files */,
			);
			path = Demo4_JS_XML;
			sourceTree = "<group>";
		};
		CFBB4E8F1C91A4BC00E1995C /* Supporting Files */ = {
			isa = PBXGroup;
			children = (
				CFBB4E901C91A4BC00E1995C /* main.m */,
			);
			name = "Supporting Files";
			sourceTree = "<group>";
		};
		CFBB4EA81C91A4BC00E1995C /* Demo4_JS_XMLTests */ = {
			isa = PBXGroup;
			children = (
				CFBB4EA91C91A4BC00E1995C /* Demo4_JS_XMLTests.m */,
				CFBB4EAB1C91A4BC00E1995C /* Info.plist */,
			);
			path = Demo4_JS_XMLTests;
			sourceTree = "<group>";
		};
		CFBB4EB31C91A4BC00E1995C /* Demo4_JS_XMLUITests */ = {
			isa = PBXGroup;
			children = (
				CFBB4EB41C91A4BC00E1995C /* Demo4_JS_XMLUITests.m */,
				CFBB4EB61C91A4BC00E1995C /* Info.plist */,
			);
			path = Demo4_JS_XMLUITests;
			sourceTree = "<group>";
		};
/* End PBXGroup section */

/* Begin PBXNativeTarget section */
		CFBB4E8B1C91A4BC00E1995C /* Demo4_JS_XML */ = {
			isa = PBXNativeTarget;
			buildConfigurationList = CFBB4EB91C91A4BC00E1995C /* Build configuration list for PBXNativeTarget "Demo4_JS_XML" */;
			buildPhases = (
				CFBB4E881C91A4BC00E1995C /* Sources */,
				CFBB4E891C91A4BC00E1995C /* Frameworks */,
				CFBB4E8A1C91A4BC00E1995C /* Resources */,
			);
			buildRules = (
			);
			dependencies = (
			);
			name = Demo4_JS_XML;
			productName = Demo4_JS_XML;
			productReference = CFBB4E8C1C91A4BC00E1995C /* Demo4_JS_XML.app */;
			productType = "com.apple.product-type.application";
		};
		CFBB4EA41C91A4BC00E1995C /* Demo4_JS_XMLTests */ = {
			isa = PBXNativeTarget;
			buildConfigurationList = CFBB4EBC1C91A4BC00E1995C /* Build configuration list for PBXNativeTarget "Demo4_JS_XMLTests" */;
			buildPhases = (
				CFBB4EA11C91A4BC00E1995C /* Sources */,
				CFBB4EA21C91A4BC00E1995C /* Frameworks */,
				CFBB4EA31C91A4BC00E1995C /* Resources */,
			);
			buildRules = (
			);
			dependencies = (
				CFBB4EA71C91A4BC00E1995C /* PBXTargetDependency */,
			);
			name = Demo4_JS_XMLTests;
			productName = Demo4_JS_XMLTests;
			productReference = CFBB4EA51C91A4BC00E1995C /* Demo4_JS_XMLTests.xctest */;
			productType = "com.apple.product-type.bundle.unit-test";
		};
		CFBB4EAF1C91A4BC00E1995C /* Demo4_JS_XMLUITests */ = {
			isa = PBXNativeTarget;
			buildConfigurationList = CFBB4EBF1C91A4BC00E1995C /* Build configuration list for PBXNativeTarget "Demo4_JS_XMLUITests" */;
			buildPhases = (
				CFBB4EAC1C91A4BC00E1995C /* Sources */,
				CFBB4EAD1C91A4BC00E1995C /* Frameworks */,
				CFBB4EAE1C91A4BC00E1995C /* Resources */,
			);
			buildRules = (
			);
			dependencies = (
				CFBB4EB21C91A4BC00E1995C /* PBXTargetDependency */,
			);
			name = Demo4_JS_XMLUITests;
			productName = Demo4_JS_XMLUITests;
			productReference = CFBB4EB01C91A4BC00E1995C /* Demo4_JS_XMLUITests.xctest */;
			productType = "com.apple.product-type.bundle.ui-testing";
		};
/* End PBXNativeTarget section */

/* Begin PBXProject section */
		CFBB4E841C91A4BC00E1995C /* Project object */ = {
			isa = PBXProject;
			attributes = {
				LastUpgradeCheck = 0720;
				ORGANIZATIONNAME = jiangsu;
				TargetAttributes = {
					CFBB4E8B1C91A4BC00E1995C = {
						CreatedOnToolsVersion = 7.2.1;
						DevelopmentTeam = 4SU7V64Q9J;
					};
					CFBB4EA41C91A4BC00E1995C = {
						CreatedOnToolsVersion = 7.2.1;
						DevelopmentTeam = 4SU7V64Q9J;
						TestTargetID = CFBB4E8B1C91A4BC00E1995C;
					};
					CFBB4EAF1C91A4BC00E1995C = {
						CreatedOnToolsVersion = 7.2.1;
						DevelopmentTeam = 4SU7V64Q9J;
						TestTargetID = CFBB4E8B1C91A4BC00E1995C;
					};
				};
			};
			buildConfigurationList = CFBB4E871C91A4BC00E1995C /* Build configuration list for PBXProject "Demo4_JS_XML" */;
			compatibilityVersion = "Xcode 3.2";
			developmentRegion = English;
			hasScannedForEncodings = 0;
			knownRegions = (
				en,
				Base,
			);
			mainGroup = CFBB4E831C91A4BC00E1995C;
			productRefGroup = CFBB4E8D1C91A4BC00E1995C /* Products */;
			projectDirPath = "";
			projectRoot = "";
			targets = (
				CFBB4E8B1C91A4BC00E1995C /* Demo4_JS_XML */,
				CFBB4EA41C91A4BC00E1995C /* Demo4_JS_XMLTests */,
				CFBB4EAF1C91A4BC00E1995C /* Demo4_JS_XMLUITests */,
			);
		};
/* End PBXProject section */

/* Begin PBXResourcesBuildPhase section */
		CFBB4E8A1C91A4BC00E1995C /* Resources */ = {
			isa = PBXResourcesBuildPhase;
			buildActionMask = 2147483647;
			files = (
				CFBB4E9F1C91A4BC00E1995C /* LaunchScreen.storyboard in Resources */,
				CFBB4EC31C91A4CD00E1995C /* music.xml in Resources */,
				CFBB4E9C1C91A4BC00E1995C /* Assets.xcassets in Resources */,
				CFBB4E9A1C91A4BC00E1995C /* Main.storyboard in Resources */,
			);
			runOnlyForDeploymentPostprocessing = 0;
		};
		CFBB4EA31C91A4BC00E1995C /* Resources */ = {
			isa = PBXResourcesBuildPhase;
			buildActionMask = 2147483647;
			files = (
			);
			runOnlyForDeploymentPostprocessing = 0;
		};
		CFBB4EAE1C91A4BC00E1995C /* Resources */ = {
			isa = PBXResourcesBuildPhase;
			buildActionMask = 2147483647;
			files = (
			);
			runOnlyForDeploymentPostprocessing = 0;
		};
/* End PBXResourcesBuildPhase section */

/* Begin PBXSourcesBuildPhase section */
		CFBB4E881C91A4BC00E1995C /* Sources */ = {
			isa = PBXSourcesBuildPhase;
			buildActionMask = 2147483647;
			files = (
				CFBB4E971C91A4BC00E1995C /* ViewController.m in Sources */,
				CFBB4E941C91A4BC00E1995C /* AppDelegate.m in Sources */,
				CFBB4EC81C91A64C00E1995C /* JS_Music.m in Sources */,
				CFBB4E911C91A4BC00E1995C /* main.m in Sources */,
			);
			runOnlyForDeploymentPostprocessing = 0;
		};
		CFBB4EA11C91A4BC00E1995C /* Sources */ = {
			isa = PBXSourcesBuildPhase;
			buildActionMask = 2147483647;
			files = (
				CFBB4EAA1C91A4BC00E1995C /* Demo4_JS_XMLTests.m in Sources */,
			);
			runOnlyForDeploymentPostprocessing = 0;
		};
		CFBB4EAC1C91A4BC00E1995C /* Sources */ = {
			isa = PBXSourcesBuildPhase;
			buildActionMask = 2147483647;
			files = (
				CFBB4EB51C91A4BC00E1995C /* Demo4_JS_XMLUITests.m in Sources */,
			);
			runOnlyForDeploymentPostprocessing = 0;
		};
/* End PBXSourcesBuildPhase section */

/* Begin PBXTargetDependency section */
		CFBB4EA71C91A4BC00E1995C /* PBXTargetDependency */ = {
			isa = PBXTargetDependency;
			target = CFBB4E8B1C91A4BC00E1995C /* Demo4_JS_XML */;
			targetProxy = CFBB4EA61C91A4BC00E1995C /* PBXContainerItemProxy */;
		};
		CFBB4EB21C91A4BC00E1995C /* PBXTargetDependency */ = {
			isa = PBXTargetDependency;
			target = CFBB4E8B1C91A4BC00E1995C /* Demo4_JS_XML */;
			targetProxy = CFBB4EB11C91A4BC00E1995C /* PBXContainerItemProxy */;
		};
/* End PBXTargetDependency section */

/* Begin PBXVariantGroup section */
		CFBB4E981C91A4BC00E1995C /* Main.storyboard */ = {
			isa = PBXVariantGroup;
			children = (
				CFBB4E991C91A4BC00E1995C /* Base */,
			);
			name = Main.storyboard;
			sourceTree = "<group>";
		};
		CFBB4E9D1C91A4BC00E1995C /* LaunchScreen.storyboard */ = {
			isa = PBXVariantGroup;
			children = (
				CFBB4E9E1C91A4BC00E1995C /* Base */,
			);
			name = LaunchScreen.storyboard;
			sourceTree = "<group>";
		};
/* End PBXVariantGroup section */

/* Begin XCBuildConfiguration section */
		CFBB4EB71C91A4BC00E1995C /* Debug */ = {
			isa = XCBuildConfiguration;
			buildSettings = {
				ALWAYS_SEARCH_USER_PATHS = NO;
				CLANG_CXX_LANGUAGE_STANDARD = "gnu++0x";
				CLANG_CXX_LIBRARY = "libc++";
				CLANG_ENABLE_MODULES = YES;
				CLANG_ENABLE_OBJC_ARC = YES;
				CLANG_WARN_BOOL_CONVERSION = YES;
				CLANG_WARN_CONSTANT_CONVERSION = YES;
				CLANG_WARN_DIRECT_OBJC_ISA_USAGE = YES_ERROR;
				CLANG_WARN_EMPTY_BODY = YES;
				CLANG_WARN_ENUM_CONVERSION = YES;
				CLANG_WARN_INT_CONVERSION = YES;
				CLANG_WARN_OBJC_ROOT_CLASS = YES_ERROR;
				CLANG_WARN_UNREACHABLE_CODE = YES;
				CLANG_WARN__DUPLICATE_METHOD_MATCH = YES;
				"CODE_SIGN_IDENTITY[sdk=iphoneos*]" = "iPhone Developer";
				COPY_PHASE_STRIP = NO;
				DEBUG_INFORMATION_FORMAT = dwarf;
				ENABLE_STRICT_OBJC_MSGSEND = YES;
				ENABLE_TESTABILITY = YES;
				GCC_C_LANGUAGE_STANDARD = gnu99;
				GCC_DYNAMIC_NO_PIC = NO;
				GCC_NO_COMMON_BLOCKS = YES;
				GCC_OPTIMIZATION_LEVEL = 0;
				GCC_PREPROCESSOR_DEFINITIONS = (
					"DEBUG=1",
					"$(inherited)",
				);
				GCC_WARN_64_TO_32_BIT_CONVERSION = YES;
				GCC_WARN_ABOUT_RETURN_TYPE = YES_ERROR;
				GCC_WARN_UNDECLARED_SELECTOR = YES;
				GCC_WARN_UNINITIALIZED_AUTOS = YES_AGGRESSIVE;
				GCC_WARN_UNUSED_FUNCTION = YES;
				GCC_WARN_UNUSED_VARIABLE = YES;
				IPHONEOS_DEPLOYMENT_TARGET = 9.2;
				MTL_ENABLE_DEBUG_INFO = YES;
				ONLY_ACTIVE_ARCH = YES;
				SDKROOT = iphoneos;
			};
			name = Debug;
		};
		CFBB4EB81C91A4BC00E1995C /* Release */ = {
			isa = XCBuildConfiguration;
			buildSettings = {
				ALWAYS_SEARCH_USER_PATHS = NO;
				CLANG_CXX_LANGUAGE_STANDARD = "gnu++0x";
				CLANG_CXX_LIBRARY = "libc++";
				CLANG_ENABLE_MODULES = YES;
				CLANG_ENABLE_OBJC_ARC = YES;
				CLANG_WARN_BOOL_CONVERSION = YES;
				CLANG_WARN_CONSTANT_CONVERSION = YES;
				CLANG_WARN_DIRECT_OBJC_ISA_USAGE = YES_ERROR;
				CLANG_WARN_EMPTY_BODY = YES;
				CLANG_WARN_ENUM_CONVERSION = YES;
				CLANG_WARN_INT_CONVERSION = YES;
				CLANG_WARN_OBJC_ROOT_CLASS = YES_ERROR;
				CLANG_WARN_UNREACHABLE_CODE = YES;
				CLANG_WARN__DUPLICATE_METHOD_MATCH = YES;
				"CODE_SIGN_IDENTITY[sdk=iphoneos*]" = "iPhone Developer";
				COPY_PHASE_STRIP = NO;
				DEBUG_INFORMATION_FORMAT = "dwarf-with-dsym";
				ENABLE_NS_ASSERTIONS = NO;
				ENABLE_STRICT_OBJC_MSGSEND = YES;
				GCC_C_LANGUAGE_STANDARD = gnu99;
				GCC_NO_COMMON_BLOCKS = YES;
				GCC_WARN_64_TO_32_BIT_CONVERSION = YES;
				GCC_WARN_ABOUT_RETURN_TYPE = YES_ERROR;
				GCC_WARN_UNDECLARED_SELECTOR = YES;
				GCC_WARN_UNINITIALIZED_AUTOS = YES_AGGRESSIVE;
				GCC_WARN_UNUSED_FUNCTION = YES;
				GCC_WARN_UNUSED_VARIABLE = YES;
				IPHONEOS_DEPLOYMENT_TARGET = 9.2;
				MTL_ENABLE_DEBUG_INFO = NO;
				SDKROOT = iphoneos;
				VALIDATE_PRODUCT = YES;
			};
			name = Release;
		};
		CFBB4EBA1C91A4BC00E1995C /* Debug */ = {
			isa = XCBuildConfiguration;
			buildSettings = {
				ASSETCATALOG_COMPILER_APPICON_NAME = AppIcon;
				INFOPLIST_FILE = Demo4_JS_XML/Info.plist;
				LD_RUNPATH_SEARCH_PATHS = "$(inherited) @executable_path/Frameworks";
				PRODUCT_BUNDLE_IDENTIFIER = "com.jiangsu.Demo4-JS-XML";
				PRODUCT_NAME = "$(TARGET_NAME)";
			};
			name = Debug;
		};
		CFBB4EBB1C91A4BC00E1995C /* Release */ = {
			isa = XCBuildConfiguration;
			buildSettings = {
				ASSETCATALOG_COMPILER_APPICON_NAME = AppIcon;
				INFOPLIST_FILE = Demo4_JS_XML/Info.plist;
				LD_RUNPATH_SEARCH_PATHS = "$(inherited) @executable_path/Frameworks";
				PRODUCT_BUNDLE_IDENTIFIER = "com.jiangsu.Demo4-JS-XML";
				PRODUCT_NAME = "$(TARGET_NAME)";
			};
			name = Release;
		};
		CFBB4EBD1C91A4BC00E1995C /* Debug */ = {
			isa = XCBuildConfiguration;
			buildSettings = {
				BUNDLE_LOADER = "$(TEST_HOST)";
				INFOPLIST_FILE = Demo4_JS_XMLTests/Info.plist;
				LD_RUNPATH_SEARCH_PATHS = "$(inherited) @executable_path/Frameworks @loader_path/Frameworks";
				PRODUCT_BUNDLE_IDENTIFIER = "com.jiangsu.Demo4-JS-XMLTests";
				PRODUCT_NAME = "$(TARGET_NAME)";
				TEST_HOST = "$(BUILT_PRODUCTS_DIR)/Demo4_JS_XML.app/Demo4_JS_XML";
			};
			name = Debug;
		};
		CFBB4EBE1C91A4BC00E1995C /* Release */ = {
			isa = XCBuildConfiguration;
			buildSettings = {
				BUNDLE_LOADER = "$(TEST_HOST)";
				INFOPLIST_FILE = Demo4_JS_XMLTests/Info.plist;
				LD_RUNPATH_SEARCH_PATHS = "$(inherited) @executable_path/Frameworks @loader_path/Frameworks";
				PRODUCT_BUNDLE_IDENTIFIER = "com.jiangsu.Demo4-JS-XMLTests";
				PRODUCT_NAME = "$(TARGET_NAME)";
				TEST_HOST = "$(BUILT_PRODUCTS_DIR)/Demo4_JS_XML.app/Demo4_JS_XML";
			};
			name = Release;
		};
		CFBB4EC01C91A4BC00E1995C /* Debug */ = {
			isa = XCBuildConfiguration;
			buildSettings = {
				INFOPLIST_FILE = Demo4_JS_XMLUITests/Info.plist;
				LD_RUNPATH_SEARCH_PATHS = "$(inherited) @executable_path/Frameworks @loader_path/Frameworks";
				PRODUCT_BUNDLE_IDENTIFIER = "com.jiangsu.Demo4-JS-XMLUITests";
				PRODUCT_NAME = "$(TARGET_NAME)";
				TEST_TARGET_NAME = Demo4_JS_XML;
				USES_XCTRUNNER = YES;
			};
			name = Debug;
		};
		CFBB4EC11C91A4BC00E1995C /* Release */ = {
			isa = XCBuildConfiguration;
			buildSettings = {
				INFOPLIST_FILE = Demo4_JS_XMLUITests/Info.plist;
				LD_RUNPATH_SEARCH_PATHS = "$(inherited) @executable_path/Frameworks @loader_path/Frameworks";
				PRODUCT_BUNDLE_IDENTIFIER = "com.jiangsu.Demo4-JS-XMLUITests";
				PRODUCT_NAME = "$(TARGET_NAME)";
				TEST_TARGET_NAME = Demo4_JS_XML;
				USES_XCTRUNNER = YES;
			};
			name = Release;
		};
/* End XCBuildConfiguration section */

/* Begin XCConfigurationList section */
		CFBB4E871C91A4BC00E1995C /* Build configuration list for PBXProject "Demo4_JS_XML" */ = {
			isa = XCConfigurationList;
			buildConfigurations = (
				CFBB4EB71C91A4BC00E1995C /* Debug */,
				CFBB4EB81C91A4BC00E1995C /* Release */,
			);
			defaultConfigurationIsVisible = 0;
			defaultConfigurationName = Release;
		};
		CFBB4EB91C91A4BC00E1995C /* Build configuration list for PBXNativeTarget "Demo4_JS_XML" */ = {
			isa = XCConfigurationList;
			buildConfigurations = (
				CFBB4EBA1C91A4BC00E1995C /* Debug */,
				CFBB4EBB1C91A4BC00E1995C /* Release */,
			);
			defaultConfigurationIsVisible = 0;
		};
		CFBB4EBC1C91A4BC00E1995C /* Build configuration list for PBXNativeTarget "Demo4_JS_XMLTests" */ = {
			isa = XCConfigurationList;
			buildConfigurations = (
				CFBB4EBD1C91A4BC00E1995C /* Debug */,
				CFBB4EBE1C91A4BC00E1995C /* Release */,
			);
			defaultConfigurationIsVisible = 0;
		};
		CFBB4EBF1C91A4BC00E1995C /* Build configuration list for PBXNativeTarget "Demo4_JS_XMLUITests" */ = {
			isa = XCConfigurationList;
			buildConfigurations = (
				CFBB4EC01C91A4BC00E1995C /* Debug */,
				CFBB4EC11C91A4BC00E1995C /* Release */,
			);
			defaultConfigurationIsVisible = 0;
		};
/* End XCConfigurationList section */
	};
	rootObject = CFBB4E841C91A4BC00E1995C /* Project object */;
}
